Microsoft Visual Studio Solution File, Format Version 12.00
Project("{F2A71F9B-5D33-465A-A702-920D77279786}") = "AdventOfCode.Common", "AdventOfCode.Common\AdventOfCode.Common.fsproj", "{85E1B3A7-E3FE-4841-8774-523BE5220617}"
EndProject
Project("{F2A71F9B-5D33-465A-A702-920D77279786}") = "AdventOfCode2021", "AdventOfCode2021\AdventOfCode2021.fsproj", "{9A3CF813-90B2-4BA5-845D-4A1E592D5CE6}"
EndProject
Project("{F2A71F9B-5D33-465A-A702-920D77279786}") = "AdventOfCode2022", "AdventOfCode2022\AdventOfCode2022.fsproj", "{F17129A7-3CD4-4A5A-BB48-4063EED19F66}"
EndProject
Project("{F2A71F9B-5D33-465A-A702-920D77279786}") = "AdventOfCode2023", "AdventOfCode2023\AdventOfCode2023.fsproj", "{24BB00CC-30A3-4DA4-A98D-02DF76EDCCF1}"
EndProject
Project("{F2A71F9B-5D33-465A-A702-920D77279786}") = "AdventOfCode2024", "AdventOfCode2024\AdventOfCode2024.fsproj", "{8BFAF541-4967-462E-932F-B7B2DC8A5A6D}"
EndProject
Global
	GlobalSection(SolutionConfigurationPlatforms) = preSolution
		Debug|Any CPU = Debug|Any CPU
		Release|Any CPU = Release|Any CPU
	EndGlobalSection
	GlobalSection(ProjectConfigurationPlatforms) = postSolution
		{85E1B3A7-E3FE-4841-8774-523BE5220617}.Debug|Any CPU.ActiveCfg = Debug|Any CPU
		{85E1B3A7-E3FE-4841-8774-523BE5220617}.Debug|Any CPU.Build.0 = Debug|Any CPU
		{85E1B3A7-E3FE-4841-8774-523BE5220617}.Release|Any CPU.ActiveCfg = Release|Any CPU
		{85E1B3A7-E3FE-4841-8774-523BE5220617}.Release|Any CPU.Build.0 = Release|Any CPU
		{9A3CF813-90B2-4BA5-845D-4A1E592D5CE6}.Debug|Any CPU.ActiveCfg = Debug|Any CPU
		{9A3CF813-90B2-4BA5-845D-4A1E592D5CE6}.Release|Any CPU.ActiveCfg = Release|Any CPU
		{9A3CF813-90B2-4BA5-845D-4A1E592D5CE6}.Release|Any CPU.Build.0 = Release|Any CPU
		{F17129A7-3CD4-4A5A-BB48-4063EED19F66}.Debug|Any CPU.ActiveCfg = Debug|Any CPU
		{F17129A7-3CD4-4A5A-BB48-4063EED19F66}.Release|Any CPU.ActiveCfg = Release|Any CPU
		{F17129A7-3CD4-4A5A-BB48-4063EED19F66}.Release|Any CPU.Build.0 = Release|Any CPU
		{24BB00CC-30A3-4DA4-A98D-02DF76EDCCF1}.Debug|Any CPU.ActiveCfg = Debug|Any CPU
		{24BB00CC-30A3-4DA4-A98D-02DF76EDCCF1}.Release|Any CPU.ActiveCfg = Release|Any CPU
		{24BB00CC-30A3-4DA4-A98D-02DF76EDCCF1}.Release|Any CPU.Build.0 = Release|Any CPU
		{8BFAF541-4967-462E-932F-B7B2DC8A5A6D}.Debug|Any CPU.ActiveCfg = Debug|Any CPU
		{8BFAF541-4967-462E-932F-B7B2DC8A5A6D}.Debug|Any CPU.Build.0 = Debug|Any CPU
		{8BFAF541-4967-462E-932F-B7B2DC8A5A6D}.Release|Any CPU.ActiveCfg = Release|Any CPU
		{8BFAF541-4967-462E-932F-B7B2DC8A5A6D}.Release|Any CPU.Build.0 = Release|Any CPU
	EndGlobalSection
EndGlobal
